{
  "name": "@i2v-systems/ngx-live-view",
  "version": "1.3.0",
  "lockfileVersion": 2,
  "requires": true,
  "packages": {
    "": {
      "name": "@i2v-systems/ngx-live-view",
      "version": "1.3.0",
      "dependencies": {
        "tslib": "^2.3.0"
      },
      "devDependencies": {
        "@types/jquery": "^3.5.14",
        "@types/openseadragon": "^3.0.4"
      },
      "peerDependencies": {
        "@angular/animations": "^12.2.16",
        "@angular/cdk": "^12.2.13",
        "@angular/common": "^12.2.0",
        "@angular/core": "^12.2.0",
        "@angular/material": "^12.0.2",
        "@i2v-systems/i2v-utility": "1.1.1",
        "@ztree/ztree_v3": "^3.5.48",
        "jquery": "^3.6.1",
        "openseadragon": "^3.1.0"
      }
    },
    "node_modules/@angular/animations": {
      "version": "12.2.17",
      "resolved": "https://registry.npmjs.org/@angular/animations/-/animations-12.2.17.tgz",
      "integrity": "sha512-WVUcvKvr6wr9Nf3I2ksu5bFJ5xHhby4UEBTvOAdLpDqic+dzqtzVwAktDRprBSdxKQk1OlTw6jD4MsVEDKnZTg==",
      "peer": true,
      "dependencies": {
        "tslib": "^2.2.0"
      },
      "engines": {
        "node": "^12.14.1 || >=14.0.0"
      },
      "peerDependencies": {
        "@angular/core": "12.2.17"
      }
    },
    "node_modules/@angular/cdk": {
      "version": "12.2.13",
      "resolved": "https://registry.npmjs.org/@angular/cdk/-/cdk-12.2.13.tgz",
      "integrity": "sha512-zSKRhECyFqhingIeyRInIyTvYErt4gWo+x5DQr0b7YLUbU8DZSwWnG4w76Ke2s4U8T7ry1jpJBHoX/e8YBpGMg==",
      "peer": true,
      "dependencies": {
        "tslib": "^2.2.0"
      },
      "optionalDependencies": {
        "parse5": "^5.0.0"
      },
      "peerDependencies": {
        "@angular/common": "^12.0.0 || ^13.0.0-0",
        "@angular/core": "^12.0.0 || ^13.0.0-0",
        "rxjs": "^6.5.3 || ^7.0.0"
      }
    },
    "node_modules/@angular/common": {
      "version": "12.2.17",
      "resolved": "https://registry.npmjs.org/@angular/common/-/common-12.2.17.tgz",
      "integrity": "sha512-/Rc83mzlL6YZScYTzg+Ng2hiCSf3jUVHAfQ8cyLOIMj/y8863Q+DMLVWW+ttvHwCjEFY44pC8IPyBl5FmSJYHg==",
      "peer": true,
      "dependencies": {
        "tslib": "^2.2.0"
      },
      "engines": {
        "node": "^12.14.1 || >=14.0.0"
      },
      "peerDependencies": {
        "@angular/core": "12.2.17",
        "rxjs": "^6.5.3 || ^7.0.0"
      }
    },
    "node_modules/@angular/core": {
      "version": "12.2.17",
      "resolved": "https://registry.npmjs.org/@angular/core/-/core-12.2.17.tgz",
      "integrity": "sha512-XUvTgU0D8XqNH5Y7UlTMk/XjUQaEGC0kZxhw/QSSQr65WrXtXmcD4d8Cg84TJ52uGXmf7IAruKvtbvu1Mbmvug==",
      "peer": true,
      "dependencies": {
        "tslib": "^2.2.0"
      },
      "engines": {
        "node": "^12.14.1 || >=14.0.0"
      },
      "peerDependencies": {
        "rxjs": "^6.5.3 || ^7.0.0",
        "zone.js": "~0.11.4"
      }
    },
    "node_modules/@angular/forms": {
      "version": "13.4.0",
      "resolved": "https://registry.npmjs.org/@angular/forms/-/forms-13.4.0.tgz",
      "integrity": "sha512-vWd438sPlESLAv+cPFEZwF5aa8cF9Gt9zofLe3Ep9v9YIv2naVkv7pxCu0KFyvbBHAT7THbZfyypuvYsYNI3rw==",
      "peer": true,
      "dependencies": {
        "tslib": "^2.3.0"
      },
      "engines": {
        "node": "^12.20.0 || ^14.15.0 || >=16.10.0"
      },
      "peerDependencies": {
        "@angular/common": "13.4.0",
        "@angular/core": "13.4.0",
        "@angular/platform-browser": "13.4.0",
        "rxjs": "^6.5.3 || ^7.4.0"
      }
    },
    "node_modules/@angular/material": {
      "version": "12.2.13",
      "resolved": "https://registry.npmjs.org/@angular/material/-/material-12.2.13.tgz",
      "integrity": "sha512-6g2GyN4qp2D+DqY2AwrQuPB3cd9gybvQVXvNRbTPXEulHr+LgGei00ySdFHFp6RvdGSMZ4i3LM1Fq3VkFxhCfQ==",
      "peer": true,
      "dependencies": {
        "tslib": "^2.2.0"
      },
      "peerDependencies": {
        "@angular/animations": "^12.0.0 || ^13.0.0-0",
        "@angular/cdk": "12.2.13",
        "@angular/common": "^12.0.0 || ^13.0.0-0",
        "@angular/core": "^12.0.0 || ^13.0.0-0",
        "@angular/forms": "^12.0.0 || ^13.0.0-0",
        "rxjs": "^6.5.3 || ^7.0.0"
      }
    },
    "node_modules/@angular/platform-browser": {
      "version": "13.4.0",
      "resolved": "https://registry.npmjs.org/@angular/platform-browser/-/platform-browser-13.4.0.tgz",
      "integrity": "sha512-kq4TpdkSS0Z/7ToFzWhyBbh4Ai1uOKFVdL9/TAm19dLnYNIInrN3KYW6GRxZ+pkJJA9Vkq4NtgcxysQ42VFotA==",
      "peer": true,
      "dependencies": {
        "tslib": "^2.3.0"
      },
      "engines": {
        "node": "^12.20.0 || ^14.15.0 || >=16.10.0"
      },
      "peerDependencies": {
        "@angular/animations": "13.4.0",
        "@angular/common": "13.4.0",
        "@angular/core": "13.4.0"
      },
      "peerDependenciesMeta": {
        "@angular/animations": {
          "optional": true
        }
      }
    },
    "node_modules/@i2v-systems/i2v-utility": {
      "version": "1.1.1",
      "resolved": "https://npm.pkg.github.com/download/@i2v-systems/i2v-utility/1.1.1/66dd570949e5d7831791b0fc2c9b45c2a465cffb",
      "integrity": "sha512-TLAMXUnA4ZNyw6YoJ6w+CLQ0c8PTdN40dODUg1DhkS0023PFj6ZrmUWopBbV7UN4/hcfUChMNboBv5hm/fuuOA==",
      "peer": true,
      "dependencies": {
        "tslib": "^2.3.0"
      },
      "peerDependencies": {
        "@angular/common": "^12.2.16",
        "@angular/core": "^12.2.16",
        "@material/snackbar": "^14.0.0",
        "@ngx-translate/core": "^14.0.0",
        "@ngx-translate/http-loader": "^7.0.0",
        "ngx-toastr": "^14.3.0"
      }
    },
    "node_modules/@material/animation": {
      "version": "14.0.0",
      "resolved": "https://registry.npmjs.org/@material/animation/-/animation-14.0.0.tgz",
      "integrity": "sha512-VlYSfUaIj/BBVtRZI8Gv0VvzikFf+XgK0Zdgsok5c1v5DDnNz5tpB8mnGrveWz0rHbp1X4+CWLKrTwNmjrw3Xw==",
      "peer": true,
      "dependencies": {
        "tslib": "^2.1.0"
      }
    },
    "node_modules/@material/base": {
      "version": "14.0.0",
      "resolved": "https://registry.npmjs.org/@material/base/-/base-14.0.0.tgz",
      "integrity": "sha512-Ou7vS7n1H4Y10MUZyYAbt6H0t67c6urxoCgeVT7M38aQlaNUwFMODp7KT/myjYz2YULfhu3PtfSV3Sltgac9mA==",
      "peer": true,
      "dependencies": {
        "tslib": "^2.1.0"
      }
    },
    "node_modules/@material/button": {
      "version": "14.0.0",
      "resolved": "https://registry.npmjs.org/@material/button/-/button-14.0.0.tgz",
      "integrity": "sha512-dqqHaJq0peyXBZupFzCjmvScrfljyVU66ZCS3oldsaaj5iz8sn33I/45Z4zPzdR5F5z8ExToHkRcXhakj1UEAA==",
      "peer": true,
      "dependencies": {
        "@material/density": "^14.0.0",
        "@material/dom": "^14.0.0",
        "@material/elevation": "^14.0.0",
        "@material/feature-targeting": "^14.0.0",
        "@material/focus-ring": "^14.0.0",
        "@material/ripple": "^14.0.0",
        "@material/rtl": "^14.0.0",
        "@material/shape": "^14.0.0",
        "@material/theme": "^14.0.0",
        "@material/tokens": "^14.0.0",
        "@material/touch-target": "^14.0.0",
        "@material/typography": "^14.0.0",
        "tslib": "^2.1.0"
      }
    },
    "node_modules/@material/density": {
      "version": "14.0.0",
      "resolved": "https://registry.npmjs.org/@material/density/-/density-14.0.0.tgz",
      "integrity": "sha512-NlxXBV5XjNsKd8UXF4K/+fOXLxoFNecKbsaQO6O2u+iG8QBfFreKRmkhEBb2hPPwC3w8nrODwXX0lHV+toICQw==",
      "peer": true,
      "dependencies": {
        "tslib": "^2.1.0"
      }
    },
    "node_modules/@material/dom": {
      "version": "14.0.0",
      "resolved": "https://registry.npmjs.org/@material/dom/-/dom-14.0.0.tgz",
      "integrity": "sha512-8t88XyacclTj8qsIw9q0vEj4PI2KVncLoIsIMzwuMx49P2FZg6TsLjor262MI3Qs00UWAifuLMrhnOnfyrbe7Q==",
      "peer": true,
      "dependencies": {
        "@material/feature-targeting": "^14.0.0",
        "tslib": "^2.1.0"
      }
    },
    "node_modules/@material/elevation": {
      "version": "14.0.0",
      "resolved": "https://registry.npmjs.org/@material/elevation/-/elevation-14.0.0.tgz",
      "integrity": "sha512-Di3tkxTpXwvf1GJUmaC8rd+zVh5dB2SWMBGagL4+kT8UmjSISif/OPRGuGnXs3QhF6nmEjkdC0ijdZLcYQkepw==",
      "peer": true,
      "dependencies": {
        "@material/animation": "^14.0.0",
        "@material/base": "^14.0.0",
        "@material/feature-targeting": "^14.0.0",
        "@material/rtl": "^14.0.0",
        "@material/theme": "^14.0.0",
        "tslib": "^2.1.0"
      }
    },
    "node_modules/@material/feature-targeting": {
      "version": "14.0.0",
      "resolved": "https://registry.npmjs.org/@material/feature-targeting/-/feature-targeting-14.0.0.tgz",
      "integrity": "sha512-a5WGgHEq5lJeeNL5yevtgoZjBjXWy6+klfVWQEh8oyix/rMJygGgO7gEc52uv8fB8uAIoYEB3iBMOv8jRq8FeA==",
      "peer": true,
      "dependencies": {
        "tslib": "^2.1.0"
      }
    },
    "node_modules/@material/focus-ring": {
      "version": "14.0.0",
      "resolved": "https://registry.npmjs.org/@material/focus-ring/-/focus-ring-14.0.0.tgz",
      "integrity": "sha512-fqqka6iSfQGJG3Le48RxPCtnOiaLGPDPikhktGbxlyW9srBVMgeCiONfHM7IT/1eu80O0Y67Lh/4ohu5+C+VAQ==",
      "peer": true,
      "dependencies": {
        "@material/dom": "^14.0.0",
        "@material/feature-targeting": "^14.0.0",
        "@material/rtl": "^14.0.0"
      }
    },
    "node_modules/@material/icon-button": {
      "version": "14.0.0",
      "resolved": "https://registry.npmjs.org/@material/icon-button/-/icon-button-14.0.0.tgz",
      "integrity": "sha512-wHMqzm7Q/UwbWLoWv32Li1r2iVYxadIrwTNxT0+p+7NdfI3lEwMN3NoB0CvoJnHTljjXDzce0KJ3nZloa0P0gA==",
      "peer": true,
      "dependencies": {
        "@material/base": "^14.0.0",
        "@material/density": "^14.0.0",
        "@material/dom": "^14.0.0",
        "@material/elevation": "^14.0.0",
        "@material/feature-targeting": "^14.0.0",
        "@material/focus-ring": "^14.0.0",
        "@material/ripple": "^14.0.0",
        "@material/rtl": "^14.0.0",
        "@material/theme": "^14.0.0",
        "@material/touch-target": "^14.0.0",
        "tslib": "^2.1.0"
      }
    },
    "node_modules/@material/ripple": {
      "version": "14.0.0",
      "resolved": "https://registry.npmjs.org/@material/ripple/-/ripple-14.0.0.tgz",
      "integrity": "sha512-9XoGBFd5JhFgELgW7pqtiLy+CnCIcV2s9cQ2BWbOQeA8faX9UZIDUx/g76nHLZ7UzKFtsULJxZTwORmsEt2zvw==",
      "peer": true,
      "dependencies": {
        "@material/animation": "^14.0.0",
        "@material/base": "^14.0.0",
        "@material/dom": "^14.0.0",
        "@material/feature-targeting": "^14.0.0",
        "@material/rtl": "^14.0.0",
        "@material/theme": "^14.0.0",
        "tslib": "^2.1.0"
      }
    },
    "node_modules/@material/rtl": {
      "version": "14.0.0",
      "resolved": "https://registry.npmjs.org/@material/rtl/-/rtl-14.0.0.tgz",
      "integrity": "sha512-xl6OZYyRjuiW2hmbjV2omMV8sQtfmKAjeWnD1RMiAPLCTyOW9Lh/PYYnXjxUrNa0cRwIIbOn5J7OYXokja8puA==",
      "peer": true,
      "dependencies": {
        "@material/theme": "^14.0.0",
        "tslib": "^2.1.0"
      }
    },
    "node_modules/@material/shape": {
      "version": "14.0.0",
      "resolved": "https://registry.npmjs.org/@material/shape/-/shape-14.0.0.tgz",
      "integrity": "sha512-o0mJB0+feOv473KckI8gFnUo8IQAaEA6ynXzw3VIYFjPi48pJwrxa0mZcJP/OoTXrCbDzDeFJfDPXEmRioBb9A==",
      "peer": true,
      "dependencies": {
        "@material/feature-targeting": "^14.0.0",
        "@material/rtl": "^14.0.0",
        "@material/theme": "^14.0.0",
        "tslib": "^2.1.0"
      }
    },
    "node_modules/@material/snackbar": {
      "version": "14.0.0",
      "resolved": "https://registry.npmjs.org/@material/snackbar/-/snackbar-14.0.0.tgz",
      "integrity": "sha512-28uQBj9bw7BalNarK9j8/aVW4Ys5aRaGHoWH+CeYvAjqQUJkrYoqM52aiKhBwqrjBPMJHk1aXthe3YbzMBm6vA==",
      "peer": true,
      "dependencies": {
        "@material/animation": "^14.0.0",
        "@material/base": "^14.0.0",
        "@material/button": "^14.0.0",
        "@material/dom": "^14.0.0",
        "@material/elevation": "^14.0.0",
        "@material/feature-targeting": "^14.0.0",
        "@material/icon-button": "^14.0.0",
        "@material/ripple": "^14.0.0",
        "@material/rtl": "^14.0.0",
        "@material/shape": "^14.0.0",
        "@material/theme": "^14.0.0",
        "@material/typography": "^14.0.0",
        "tslib": "^2.1.0"
      }
    },
    "node_modules/@material/theme": {
      "version": "14.0.0",
      "resolved": "https://registry.npmjs.org/@material/theme/-/theme-14.0.0.tgz",
      "integrity": "sha512-6/SENWNIFuXzeHMPHrYwbsXKgkvCtWuzzQ3cUu4UEt3KcQ5YpViazIM6h8ByYKZP8A9d8QpkJ0WGX5btGDcVoA==",
      "peer": true,
      "dependencies": {
        "@material/feature-targeting": "^14.0.0",
        "tslib": "^2.1.0"
      }
    },
    "node_modules/@material/tokens": {
      "version": "14.0.0",
      "resolved": "https://registry.npmjs.org/@material/tokens/-/tokens-14.0.0.tgz",
      "integrity": "sha512-SXgB9VwsKW4DFkHmJfDIS0x0cGdMWC1D06m6z/WQQ5P5j6/m0pKrbHVlrLzXcRjau+mFhXGvj/KyPo9Pp/Rc8Q==",
      "peer": true,
      "dependencies": {
        "@material/elevation": "^14.0.0"
      }
    },
    "node_modules/@material/touch-target": {
      "version": "14.0.0",
      "resolved": "https://registry.npmjs.org/@material/touch-target/-/touch-target-14.0.0.tgz",
      "integrity": "sha512-o3kvxmS4HkmZoQTvtzLJrqSG+ezYXkyINm3Uiwio1PTg67pDgK5FRwInkz0VNaWPcw9+5jqjUQGjuZMtjQMq8w==",
      "peer": true,
      "dependencies": {
        "@material/base": "^14.0.0",
        "@material/feature-targeting": "^14.0.0",
        "@material/rtl": "^14.0.0",
        "tslib": "^2.1.0"
      }
    },
    "node_modules/@material/typography": {
      "version": "14.0.0",
      "resolved": "https://registry.npmjs.org/@material/typography/-/typography-14.0.0.tgz",
      "integrity": "sha512-/QtHBYiTR+TPMryM/CT386B2WlAQf/Ae32V324Z7P40gHLKY/YBXx7FDutAWZFeOerq/two4Nd2aAHBcMM2wMw==",
      "peer": true,
      "dependencies": {
        "@material/feature-targeting": "^14.0.0",
        "@material/theme": "^14.0.0",
        "tslib": "^2.1.0"
      }
    },
    "node_modules/@ngx-translate/core": {
      "version": "14.0.0",
      "resolved": "https://registry.npmjs.org/@ngx-translate/core/-/core-14.0.0.tgz",
      "integrity": "sha512-UevdwNCXMRCdJv//0kC8h2eSfmi02r29xeE8E9gJ1Al4D4jEJ7eiLPdjslTMc21oJNGguqqWeEVjf64SFtvw2w==",
      "peer": true,
      "dependencies": {
        "tslib": "^2.3.0"
      },
      "peerDependencies": {
        "@angular/core": ">=13.0.0",
        "rxjs": "^6.5.3 || ^7.4.0"
      }
    },
    "node_modules/@ngx-translate/http-loader": {
      "version": "7.0.0",
      "resolved": "https://registry.npmjs.org/@ngx-translate/http-loader/-/http-loader-7.0.0.tgz",
      "integrity": "sha512-j+NpXXlcGVdyUNyY/qsJrqqeAdJdizCd+GKh3usXExSqy1aE9866jlAIL+xrfDU4w+LiMoma5pgE4emvFebZmA==",
      "peer": true,
      "dependencies": {
        "tslib": "^2.3.0"
      },
      "peerDependencies": {
        "@angular/common": ">=13.0.0",
        "@ngx-translate/core": ">=14.0.0",
        "rxjs": "^6.5.3 || ^7.4.0"
      }
    },
    "node_modules/@types/jquery": {
      "version": "3.5.22",
      "resolved": "https://registry.npmjs.org/@types/jquery/-/jquery-3.5.22.tgz",
      "integrity": "sha512-ISQFeUK5GwRftLK4PVvKTWEVCxZ2BpaqBz0TWkIq5w4vGojxZP9+XkqgcPjxoqmPeew+HLyWthCBvK7GdF5NYA==",
      "dev": true,
      "dependencies": {
        "@types/sizzle": "*"
      }
    },
    "node_modules/@types/openseadragon": {
      "version": "3.0.7",
      "resolved": "https://registry.npmjs.org/@types/openseadragon/-/openseadragon-3.0.7.tgz",
      "integrity": "sha512-7dgBaCHdlyXEXmtKiEuLf2h/mZGuyRirpWn0vw9HWRHF79POkCoOTfdQp6qbPG6V5ZhJ7t1l27BzGbsnJhFbFw==",
      "dev": true
    },
    "node_modules/@types/sizzle": {
      "version": "2.3.4",
      "resolved": "https://registry.npmjs.org/@types/sizzle/-/sizzle-2.3.4.tgz",
      "integrity": "sha512-jA2llq2zNkg8HrALI7DtWzhALcVH0l7i89yhY3iBdOz6cBPeACoFq+fkQrjHA39t1hnSFOboZ7A/AY5MMZSlag==",
      "dev": true
    },
    "node_modules/@ztree/ztree_v3": {
      "version": "3.5.48",
      "resolved": "https://registry.npmjs.org/@ztree/ztree_v3/-/ztree_v3-3.5.48.tgz",
      "integrity": "sha512-4dSA1g26T3j/O3I89+r/Palg+a+xwMGRS1etZoggnCGBPoOrwW8VGA3zitJCK/Yd7eEMX+LfKTRJjEGiWpoN3w==",
      "peer": true,
      "dependencies": {
        "jquery": ">=1.4.4"
      },
      "engines": {
        "node": ">=0.10.0"
      }
    },
    "node_modules/jquery": {
      "version": "3.7.1",
      "resolved": "https://registry.npmjs.org/jquery/-/jquery-3.7.1.tgz",
      "integrity": "sha512-m4avr8yL8kmFN8psrbFFFmB/If14iN5o9nw/NgnnM+kybDJpRsAynV2BsfpTYrTRysYUdADVD7CkUUizgkpLfg==",
      "peer": true
    },
    "node_modules/ngx-toastr": {
      "version": "14.3.0",
      "resolved": "https://registry.npmjs.org/ngx-toastr/-/ngx-toastr-14.3.0.tgz",
      "integrity": "sha512-d8j/sOr60w5U7rGlcKQ0Ff4u+m2NzhqU5ZdJXn7QW3aR3Zf/rY7/Fd14BmUindTOWVr2NeTYcQXCjLpir0ldpA==",
      "peer": true,
      "dependencies": {
        "tslib": "^2.3.0"
      },
      "peerDependencies": {
        "@angular/common": ">=12.0.0-0",
        "@angular/core": ">=12.0.0-0",
        "@angular/platform-browser": ">=12.0.0-0"
      }
    },
    "node_modules/openseadragon": {
      "version": "3.1.0",
      "resolved": "https://registry.npmjs.org/openseadragon/-/openseadragon-3.1.0.tgz",
      "integrity": "sha512-0zCbRIWUbCto7xm1tv2ZLEiSl84cDU659W/sfs2zqqTqVRa4CRHzhy7i9nsv6dHA1DryFR8IzjStjmWOqRs9Rg==",
      "peer": true,
      "funding": {
        "url": "https://opencollective.com/openseadragon"
      }
    },
    "node_modules/parse5": {
      "version": "5.1.1",
      "resolved": "https://registry.npmjs.org/parse5/-/parse5-5.1.1.tgz",
      "integrity": "sha512-ugq4DFI0Ptb+WWjAdOK16+u/nHfiIrcE+sh8kZMaM0WllQKLI9rOUq6c2b7cwPkXdzfQESqvoqK6ug7U/Yyzug==",
      "optional": true,
      "peer": true
    },
    "node_modules/rxjs": {
      "version": "7.8.1",
      "resolved": "https://registry.npmjs.org/rxjs/-/rxjs-7.8.1.tgz",
      "integrity": "sha512-AA3TVj+0A2iuIoQkWEK/tqFjBq2j+6PO6Y0zJcvzLAFhEFIO3HL0vls9hWLncZbAAbK0mar7oZ4V079I/qPMxg==",
      "peer": true,
      "dependencies": {
        "tslib": "^2.1.0"
      }
    },
    "node_modules/tslib": {
      "version": "2.6.2",
      "resolved": "https://registry.npmjs.org/tslib/-/tslib-2.6.2.tgz",
      "integrity": "sha512-AEYxH93jGFPn/a2iVAwW87VuUIkR1FVUKB77NwMF7nBTDkDrrT/Hpt/IrCJ0QXhW27jTBDcf5ZY7w6RiqTMw2Q=="
    },
    "node_modules/zone.js": {
      "version": "0.11.8",
      "resolved": "https://registry.npmjs.org/zone.js/-/zone.js-0.11.8.tgz",
      "integrity": "sha512-82bctBg2hKcEJ21humWIkXRlLBBmrc3nN7DFh5LGGhcyycO2S7FN8NmdvlcKaGFDNVL4/9kFLmwmInTavdJERA==",
      "peer": true,
      "dependencies": {
        "tslib": "^2.3.0"
      }
    }
  },
  "dependencies": {
    "@angular/animations": {
      "version": "12.2.17",
      "resolved": "https://registry.npmjs.org/@angular/animations/-/animations-12.2.17.tgz",
      "integrity": "sha512-WVUcvKvr6wr9Nf3I2ksu5bFJ5xHhby4UEBTvOAdLpDqic+dzqtzVwAktDRprBSdxKQk1OlTw6jD4MsVEDKnZTg==",
      "peer": true,
      "requires": {
        "tslib": "^2.2.0"
      }
    },
    "@angular/cdk": {
      "version": "12.2.13",
      "resolved": "https://registry.npmjs.org/@angular/cdk/-/cdk-12.2.13.tgz",
      "integrity": "sha512-zSKRhECyFqhingIeyRInIyTvYErt4gWo+x5DQr0b7YLUbU8DZSwWnG4w76Ke2s4U8T7ry1jpJBHoX/e8YBpGMg==",
      "peer": true,
      "requires": {
        "parse5": "^5.0.0",
        "tslib": "^2.2.0"
      }
    },
    "@angular/common": {
      "version": "12.2.17",
      "resolved": "https://registry.npmjs.org/@angular/common/-/common-12.2.17.tgz",
      "integrity": "sha512-/Rc83mzlL6YZScYTzg+Ng2hiCSf3jUVHAfQ8cyLOIMj/y8863Q+DMLVWW+ttvHwCjEFY44pC8IPyBl5FmSJYHg==",
      "peer": true,
      "requires": {
        "tslib": "^2.2.0"
      }
    },
    "@angular/core": {
      "version": "12.2.17",
      "resolved": "https://registry.npmjs.org/@angular/core/-/core-12.2.17.tgz",
      "integrity": "sha512-XUvTgU0D8XqNH5Y7UlTMk/XjUQaEGC0kZxhw/QSSQr65WrXtXmcD4d8Cg84TJ52uGXmf7IAruKvtbvu1Mbmvug==",
      "peer": true,
      "requires": {
        "tslib": "^2.2.0"
      }
    },
    "@angular/forms": {
      "version": "13.4.0",
      "resolved": "https://registry.npmjs.org/@angular/forms/-/forms-13.4.0.tgz",
      "integrity": "sha512-vWd438sPlESLAv+cPFEZwF5aa8cF9Gt9zofLe3Ep9v9YIv2naVkv7pxCu0KFyvbBHAT7THbZfyypuvYsYNI3rw==",
      "peer": true,
      "requires": {
        "tslib": "^2.3.0"
      }
    },
    "@angular/material": {
      "version": "12.2.13",
      "resolved": "https://registry.npmjs.org/@angular/material/-/material-12.2.13.tgz",
      "integrity": "sha512-6g2GyN4qp2D+DqY2AwrQuPB3cd9gybvQVXvNRbTPXEulHr+LgGei00ySdFHFp6RvdGSMZ4i3LM1Fq3VkFxhCfQ==",
      "peer": true,
      "requires": {
        "tslib": "^2.2.0"
      }
    },
    "@angular/platform-browser": {
      "version": "13.4.0",
      "resolved": "https://registry.npmjs.org/@angular/platform-browser/-/platform-browser-13.4.0.tgz",
      "integrity": "sha512-kq4TpdkSS0Z/7ToFzWhyBbh4Ai1uOKFVdL9/TAm19dLnYNIInrN3KYW6GRxZ+pkJJA9Vkq4NtgcxysQ42VFotA==",
      "peer": true,
      "requires": {
        "tslib": "^2.3.0"
      }
    },
    "@i2v-systems/i2v-utility": {
      "version": "1.1.1",
      "resolved": "https://npm.pkg.github.com/download/@i2v-systems/i2v-utility/1.1.1/66dd570949e5d7831791b0fc2c9b45c2a465cffb",
      "integrity": "sha512-TLAMXUnA4ZNyw6YoJ6w+CLQ0c8PTdN40dODUg1DhkS0023PFj6ZrmUWopBbV7UN4/hcfUChMNboBv5hm/fuuOA==",
      "peer": true,
      "requires": {
        "tslib": "^2.3.0"
      }
    },
    "@material/animation": {
      "version": "14.0.0",
      "resolved": "https://registry.npmjs.org/@material/animation/-/animation-14.0.0.tgz",
      "integrity": "sha512-VlYSfUaIj/BBVtRZI8Gv0VvzikFf+XgK0Zdgsok5c1v5DDnNz5tpB8mnGrveWz0rHbp1X4+CWLKrTwNmjrw3Xw==",
      "peer": true,
      "requires": {
        "tslib": "^2.1.0"
      }
    },
    "@material/base": {
      "version": "14.0.0",
      "resolved": "https://registry.npmjs.org/@material/base/-/base-14.0.0.tgz",
      "integrity": "sha512-Ou7vS7n1H4Y10MUZyYAbt6H0t67c6urxoCgeVT7M38aQlaNUwFMODp7KT/myjYz2YULfhu3PtfSV3Sltgac9mA==",
      "peer": true,
      "requires": {
        "tslib": "^2.1.0"
      }
    },
    "@material/button": {
      "version": "14.0.0",
      "resolved": "https://registry.npmjs.org/@material/button/-/button-14.0.0.tgz",
      "integrity": "sha512-dqqHaJq0peyXBZupFzCjmvScrfljyVU66ZCS3oldsaaj5iz8sn33I/45Z4zPzdR5F5z8ExToHkRcXhakj1UEAA==",
      "peer": true,
      "requires": {
        "@material/density": "^14.0.0",
        "@material/dom": "^14.0.0",
        "@material/elevation": "^14.0.0",
        "@material/feature-targeting": "^14.0.0",
        "@material/focus-ring": "^14.0.0",
        "@material/ripple": "^14.0.0",
        "@material/rtl": "^14.0.0",
        "@material/shape": "^14.0.0",
        "@material/theme": "^14.0.0",
        "@material/tokens": "^14.0.0",
        "@material/touch-target": "^14.0.0",
        "@material/typography": "^14.0.0",
        "tslib": "^2.1.0"
      }
    },
    "@material/density": {
      "version": "14.0.0",
      "resolved": "https://registry.npmjs.org/@material/density/-/density-14.0.0.tgz",
      "integrity": "sha512-NlxXBV5XjNsKd8UXF4K/+fOXLxoFNecKbsaQO6O2u+iG8QBfFreKRmkhEBb2hPPwC3w8nrODwXX0lHV+toICQw==",
      "peer": true,
      "requires": {
        "tslib": "^2.1.0"
      }
    },
    "@material/dom": {
      "version": "14.0.0",
      "resolved": "https://registry.npmjs.org/@material/dom/-/dom-14.0.0.tgz",
      "integrity": "sha512-8t88XyacclTj8qsIw9q0vEj4PI2KVncLoIsIMzwuMx49P2FZg6TsLjor262MI3Qs00UWAifuLMrhnOnfyrbe7Q==",
      "peer": true,
      "requires": {
        "@material/feature-targeting": "^14.0.0",
        "tslib": "^2.1.0"
      }
    },
    "@material/elevation": {
      "version": "14.0.0",
      "resolved": "https://registry.npmjs.org/@material/elevation/-/elevation-14.0.0.tgz",
      "integrity": "sha512-Di3tkxTpXwvf1GJUmaC8rd+zVh5dB2SWMBGagL4+kT8UmjSISif/OPRGuGnXs3QhF6nmEjkdC0ijdZLcYQkepw==",
      "peer": true,
      "requires": {
        "@material/animation": "^14.0.0",
        "@material/base": "^14.0.0",
        "@material/feature-targeting": "^14.0.0",
        "@material/rtl": "^14.0.0",
        "@material/theme": "^14.0.0",
        "tslib": "^2.1.0"
      }
    },
    "@material/feature-targeting": {
      "version": "14.0.0",
      "resolved": "https://registry.npmjs.org/@material/feature-targeting/-/feature-targeting-14.0.0.tgz",
      "integrity": "sha512-a5WGgHEq5lJeeNL5yevtgoZjBjXWy6+klfVWQEh8oyix/rMJygGgO7gEc52uv8fB8uAIoYEB3iBMOv8jRq8FeA==",
      "peer": true,
      "requires": {
        "tslib": "^2.1.0"
      }
    },
    "@material/focus-ring": {
      "version": "14.0.0",
      "resolved": "https://registry.npmjs.org/@material/focus-ring/-/focus-ring-14.0.0.tgz",
      "integrity": "sha512-fqqka6iSfQGJG3Le48RxPCtnOiaLGPDPikhktGbxlyW9srBVMgeCiONfHM7IT/1eu80O0Y67Lh/4ohu5+C+VAQ==",
      "peer": true,
      "requires": {
        "@material/dom": "^14.0.0",
        "@material/feature-targeting": "^14.0.0",
        "@material/rtl": "^14.0.0"
      }
    },
    "@material/icon-button": {
      "version": "14.0.0",
      "resolved": "https://registry.npmjs.org/@material/icon-button/-/icon-button-14.0.0.tgz",
      "integrity": "sha512-wHMqzm7Q/UwbWLoWv32Li1r2iVYxadIrwTNxT0+p+7NdfI3lEwMN3NoB0CvoJnHTljjXDzce0KJ3nZloa0P0gA==",
      "peer": true,
      "requires": {
        "@material/base": "^14.0.0",
        "@material/density": "^14.0.0",
        "@material/dom": "^14.0.0",
        "@material/elevation": "^14.0.0",
        "@material/feature-targeting": "^14.0.0",
        "@material/focus-ring": "^14.0.0",
        "@material/ripple": "^14.0.0",
        "@material/rtl": "^14.0.0",
        "@material/theme": "^14.0.0",
        "@material/touch-target": "^14.0.0",
        "tslib": "^2.1.0"
      }
    },
    "@material/ripple": {
      "version": "14.0.0",
      "resolved": "https://registry.npmjs.org/@material/ripple/-/ripple-14.0.0.tgz",
      "integrity": "sha512-9XoGBFd5JhFgELgW7pqtiLy+CnCIcV2s9cQ2BWbOQeA8faX9UZIDUx/g76nHLZ7UzKFtsULJxZTwORmsEt2zvw==",
      "peer": true,
      "requires": {
        "@material/animation": "^14.0.0",
        "@material/base": "^14.0.0",
        "@material/dom": "^14.0.0",
        "@material/feature-targeting": "^14.0.0",
        "@material/rtl": "^14.0.0",
        "@material/theme": "^14.0.0",
        "tslib": "^2.1.0"
      }
    },
    "@material/rtl": {
      "version": "14.0.0",
      "resolved": "https://registry.npmjs.org/@material/rtl/-/rtl-14.0.0.tgz",
      "integrity": "sha512-xl6OZYyRjuiW2hmbjV2omMV8sQtfmKAjeWnD1RMiAPLCTyOW9Lh/PYYnXjxUrNa0cRwIIbOn5J7OYXokja8puA==",
      "peer": true,
      "requires": {
        "@material/theme": "^14.0.0",
        "tslib": "^2.1.0"
      }
    },
    "@material/shape": {
      "version": "14.0.0",
      "resolved": "https://registry.npmjs.org/@material/shape/-/shape-14.0.0.tgz",
      "integrity": "sha512-o0mJB0+feOv473KckI8gFnUo8IQAaEA6ynXzw3VIYFjPi48pJwrxa0mZcJP/OoTXrCbDzDeFJfDPXEmRioBb9A==",
      "peer": true,
      "requires": {
        "@material/feature-targeting": "^14.0.0",
        "@material/rtl": "^14.0.0",
        "@material/theme": "^14.0.0",
        "tslib": "^2.1.0"
      }
    },
    "@material/snackbar": {
      "version": "14.0.0",
      "resolved": "https://registry.npmjs.org/@material/snackbar/-/snackbar-14.0.0.tgz",
      "integrity": "sha512-28uQBj9bw7BalNarK9j8/aVW4Ys5aRaGHoWH+CeYvAjqQUJkrYoqM52aiKhBwqrjBPMJHk1aXthe3YbzMBm6vA==",
      "peer": true,
      "requires": {
        "@material/animation": "^14.0.0",
        "@material/base": "^14.0.0",
        "@material/button": "^14.0.0",
        "@material/dom": "^14.0.0",
        "@material/elevation": "^14.0.0",
        "@material/feature-targeting": "^14.0.0",
        "@material/icon-button": "^14.0.0",
        "@material/ripple": "^14.0.0",
        "@material/rtl": "^14.0.0",
        "@material/shape": "^14.0.0",
        "@material/theme": "^14.0.0",
        "@material/typography": "^14.0.0",
        "tslib": "^2.1.0"
      }
    },
    "@material/theme": {
      "version": "14.0.0",
      "resolved": "https://registry.npmjs.org/@material/theme/-/theme-14.0.0.tgz",
      "integrity": "sha512-6/SENWNIFuXzeHMPHrYwbsXKgkvCtWuzzQ3cUu4UEt3KcQ5YpViazIM6h8ByYKZP8A9d8QpkJ0WGX5btGDcVoA==",
      "peer": true,
      "requires": {
        "@material/feature-targeting": "^14.0.0",
        "tslib": "^2.1.0"
      }
    },
    "@material/tokens": {
      "version": "14.0.0",
      "resolved": "https://registry.npmjs.org/@material/tokens/-/tokens-14.0.0.tgz",
      "integrity": "sha512-SXgB9VwsKW4DFkHmJfDIS0x0cGdMWC1D06m6z/WQQ5P5j6/m0pKrbHVlrLzXcRjau+mFhXGvj/KyPo9Pp/Rc8Q==",
      "peer": true,
      "requires": {
        "@material/elevation": "^14.0.0"
      }
    },
    "@material/touch-target": {
      "version": "14.0.0",
      "resolved": "https://registry.npmjs.org/@material/touch-target/-/touch-target-14.0.0.tgz",
      "integrity": "sha512-o3kvxmS4HkmZoQTvtzLJrqSG+ezYXkyINm3Uiwio1PTg67pDgK5FRwInkz0VNaWPcw9+5jqjUQGjuZMtjQMq8w==",
      "peer": true,
      "requires": {
        "@material/base": "^14.0.0",
        "@material/feature-targeting": "^14.0.0",
        "@material/rtl": "^14.0.0",
        "tslib": "^2.1.0"
      }
    },
    "@material/typography": {
      "version": "14.0.0",
      "resolved": "https://registry.npmjs.org/@material/typography/-/typography-14.0.0.tgz",
      "integrity": "sha512-/QtHBYiTR+TPMryM/CT386B2WlAQf/Ae32V324Z7P40gHLKY/YBXx7FDutAWZFeOerq/two4Nd2aAHBcMM2wMw==",
      "peer": true,
      "requires": {
        "@material/feature-targeting": "^14.0.0",
        "@material/theme": "^14.0.0",
        "tslib": "^2.1.0"
      }
    },
    "@ngx-translate/core": {
      "version": "14.0.0",
      "resolved": "https://registry.npmjs.org/@ngx-translate/core/-/core-14.0.0.tgz",
      "integrity": "sha512-UevdwNCXMRCdJv//0kC8h2eSfmi02r29xeE8E9gJ1Al4D4jEJ7eiLPdjslTMc21oJNGguqqWeEVjf64SFtvw2w==",
      "peer": true,
      "requires": {
        "tslib": "^2.3.0"
      }
    },
    "@ngx-translate/http-loader": {
      "version": "7.0.0",
      "resolved": "https://registry.npmjs.org/@ngx-translate/http-loader/-/http-loader-7.0.0.tgz",
      "integrity": "sha512-j+NpXXlcGVdyUNyY/qsJrqqeAdJdizCd+GKh3usXExSqy1aE9866jlAIL+xrfDU4w+LiMoma5pgE4emvFebZmA==",
      "peer": true,
      "requires": {
        "tslib": "^2.3.0"
      }
    },
    "@types/jquery": {
      "version": "3.5.22",
      "resolved": "https://registry.npmjs.org/@types/jquery/-/jquery-3.5.22.tgz",
      "integrity": "sha512-ISQFeUK5GwRftLK4PVvKTWEVCxZ2BpaqBz0TWkIq5w4vGojxZP9+XkqgcPjxoqmPeew+HLyWthCBvK7GdF5NYA==",
      "dev": true,
      "requires": {
        "@types/sizzle": "*"
      }
    },
    "@types/openseadragon": {
      "version": "3.0.7",
      "resolved": "https://registry.npmjs.org/@types/openseadragon/-/openseadragon-3.0.7.tgz",
      "integrity": "sha512-7dgBaCHdlyXEXmtKiEuLf2h/mZGuyRirpWn0vw9HWRHF79POkCoOTfdQp6qbPG6V5ZhJ7t1l27BzGbsnJhFbFw==",
      "dev": true
    },
    "@types/sizzle": {
      "version": "2.3.4",
      "resolved": "https://registry.npmjs.org/@types/sizzle/-/sizzle-2.3.4.tgz",
      "integrity": "sha512-jA2llq2zNkg8HrALI7DtWzhALcVH0l7i89yhY3iBdOz6cBPeACoFq+fkQrjHA39t1hnSFOboZ7A/AY5MMZSlag==",
      "dev": true
    },
    "@ztree/ztree_v3": {
      "version": "3.5.48",
      "resolved": "https://registry.npmjs.org/@ztree/ztree_v3/-/ztree_v3-3.5.48.tgz",
      "integrity": "sha512-4dSA1g26T3j/O3I89+r/Palg+a+xwMGRS1etZoggnCGBPoOrwW8VGA3zitJCK/Yd7eEMX+LfKTRJjEGiWpoN3w==",
      "peer": true,
      "requires": {
        "jquery": ">=1.4.4"
      }
    },
    "jquery": {
      "version": "3.7.1",
      "resolved": "https://registry.npmjs.org/jquery/-/jquery-3.7.1.tgz",
      "integrity": "sha512-m4avr8yL8kmFN8psrbFFFmB/If14iN5o9nw/NgnnM+kybDJpRsAynV2BsfpTYrTRysYUdADVD7CkUUizgkpLfg==",
      "peer": true
    },
    "ngx-toastr": {
      "version": "14.3.0",
      "resolved": "https://registry.npmjs.org/ngx-toastr/-/ngx-toastr-14.3.0.tgz",
      "integrity": "sha512-d8j/sOr60w5U7rGlcKQ0Ff4u+m2NzhqU5ZdJXn7QW3aR3Zf/rY7/Fd14BmUindTOWVr2NeTYcQXCjLpir0ldpA==",
      "peer": true,
      "requires": {
        "tslib": "^2.3.0"
      }
    },
    "openseadragon": {
      "version": "3.1.0",
      "resolved": "https://registry.npmjs.org/openseadragon/-/openseadragon-3.1.0.tgz",
      "integrity": "sha512-0zCbRIWUbCto7xm1tv2ZLEiSl84cDU659W/sfs2zqqTqVRa4CRHzhy7i9nsv6dHA1DryFR8IzjStjmWOqRs9Rg==",
      "peer": true
    },
    "parse5": {
      "version": "5.1.1",
      "resolved": "https://registry.npmjs.org/parse5/-/parse5-5.1.1.tgz",
      "integrity": "sha512-ugq4DFI0Ptb+WWjAdOK16+u/nHfiIrcE+sh8kZMaM0WllQKLI9rOUq6c2b7cwPkXdzfQESqvoqK6ug7U/Yyzug==",
      "optional": true,
      "peer": true
    },
    "rxjs": {
      "version": "7.8.1",
      "resolved": "https://registry.npmjs.org/rxjs/-/rxjs-7.8.1.tgz",
      "integrity": "sha512-AA3TVj+0A2iuIoQkWEK/tqFjBq2j+6PO6Y0zJcvzLAFhEFIO3HL0vls9hWLncZbAAbK0mar7oZ4V079I/qPMxg==",
      "peer": true,
      "requires": {
        "tslib": "^2.1.0"
      }
    },
    "tslib": {
      "version": "2.6.2",
      "resolved": "https://registry.npmjs.org/tslib/-/tslib-2.6.2.tgz",
      "integrity": "sha512-AEYxH93jGFPn/a2iVAwW87VuUIkR1FVUKB77NwMF7nBTDkDrrT/Hpt/IrCJ0QXhW27jTBDcf5ZY7w6RiqTMw2Q=="
    },
    "zone.js": {
      "version": "0.11.8",
      "resolved": "https://registry.npmjs.org/zone.js/-/zone.js-0.11.8.tgz",
      "integrity": "sha512-82bctBg2hKcEJ21humWIkXRlLBBmrc3nN7DFh5LGGhcyycO2S7FN8NmdvlcKaGFDNVL4/9kFLmwmInTavdJERA==",
      "peer": true,
      "requires": {
        "tslib": "^2.3.0"
      }
    }
  }
}
